{
  "name": "public-zenn-docs",
  "version": "1.0.0",
  "lockfileVersion": 3,
  "requires": true,
  "packages": {
    "": {
      "name": "public-zenn-docs",
      "version": "1.0.0",
      "license": "ISC",
      "dependencies": {
        "zenn-cli": "^0.2.4"
      }
    },
    "node_modules/zenn-cli": {
      "version": "0.2.4",
      "resolved": "https://registry.npmjs.org/zenn-cli/-/zenn-cli-0.2.4.tgz",
      "integrity": "sha512-TnKSyYw5Ykh/Y9nRElfJ+Eo0hKFjcPNAuX7ymJLwD6ZuFTKzYeJFnXjxJjTWEnZOcXwhfZf4nt/UGvS7wz6Y4A==",
      "license": "MIT",
      "bin": {
        "zenn": "dist/server/zenn.js"
      },
      "engines": {
        "node": ">=22.0.0"
      }
    }
  }
}
